{
  "name": "grunt-release",
  "version": "0.7.3",
  "dependencies": {
    "shelljs": {
      "version": "0.1.4",
      "from": "shelljs@~0.1.2"
    },
    "semver": {
      "version": "2.0.11",
      "from": "semver@~2.0.10"
    },
    "superagent": {
      "version": "0.15.7",
      "from": "superagent@~0.15.4",
      "dependencies": {
        "qs": {
          "version": "0.6.5",
          "from": "qs@0.6.5"
        },
        "formidable": {
          "version": "1.0.14",
          "from": "formidable@1.0.14"
        },
        "mime": {
          "version": "1.2.5",
          "from": "mime@1.2.5"
        },
        "emitter-component": {
          "version": "1.0.0",
          "from": "emitter-component@1.0.0"
        },
        "methods": {
          "version": "0.0.1",
          "from": "methods@0.0.1"
        },
        "cookiejar": {
          "version": "1.3.0",
          "from": "cookiejar@1.3.0"
        },
        "debug": {
          "version": "0.7.4",
          "from": "debug@~0.7.2"
        },
        "reduce-component": {
          "version": "1.0.1",
          "from": "reduce-component@1.0.1"
        }
      }
    },
    "q": {
      "version": "1.0.0",
      "from": "q@~1.0.0"
    }
  }
}
